lockfileVersion: 5.4

specifiers:
  random-words: ^1.1.2
  short-uuid: ^4.2.0

dependencies:
  random-words: 1.1.2
  short-uuid: 4.2.0

packages:

  /any-base/1.1.0:
    resolution: {integrity: sha512-uMgjozySS8adZZYePpaWs8cxB9/kdzmpX6SgJZ+wbz1K5eYk5QMYDVJaZKhxyIHUdnnJkfR7SVgStgH7LkGUyg==}
    dev: false

  /random-words/1.1.2:
    resolution: {integrity: sha512-GwgC+Yu+D5/044grf2QqaYk3ZrQip7yfgvkj/6bJ3H3B3KrE7qoNPbWaYd06hrigqAkrPzNVEpRlnBaNx4bDuA==}
    dev: false

  /short-uuid/4.2.0:
    resolution: {integrity: sha512-r3cxuPPZSuF0QkKsK9bBR7u+7cwuCRzWzgjPh07F5N2iIUNgblnMHepBY16xgj5t1lG9iOP9k/TEafY1qhRzaw==}
    engines: {node: '>=8'}
    dependencies:
      any-base: 1.1.0
      uuid: 8.3.2
    dev: false

  /uuid/8.3.2:
    resolution: {integrity: sha512-+NYs2QeMWy+GWFOEm9xnn6HCDp0l7QBD7ml8zLUmJ+93Q5NF0NocErnwkTkXVFNiX3/fpC6afS8Dhb/gz7R7eg==}
    hasBin: true
    dev: false
